
Microsoft Visual Studio Solution File, Format Version 12.00
# Visual Studio Version 17
VisualStudioVersion = 17.3.32929.385
MinimumVisualStudioVersion = 10.0.40219.1
Project("{FAE04EC0-301F-11D3-BF4B-00C04F79EFBC}") = "konwerter", "konwerter\konwerter.csproj", "{83232DF0-FAC0-48B8-8161-2FFAEE490288}"
EndProject
Global
	GlobalSection(SolutionConfigurationPlatforms) = preSolution
		Debug|Any CPU = Debug|Any CPU
		Release|Any CPU = Release|Any CPU
	EndGlobalSection
	GlobalSection(ProjectConfigurationPlatforms) = postSolution
		{83232DF0-FAC0-48B8-8161-2FFAEE490288}.Debug|Any CPU.ActiveCfg = Debug|Any CPU
		{83232DF0-FAC0-48B8-8161-2FFAEE490288}.Debug|Any CPU.Build.0 = Debug|Any CPU
		{83232DF0-FAC0-48B8-8161-2FFAEE490288}.Release|Any CPU.ActiveCfg = Release|Any CPU
		{83232DF0-FAC0-48B8-8161-2FFAEE490288}.Release|Any CPU.Build.0 = Release|Any CPU
	EndGlobalSection
	GlobalSection(SolutionProperties) = preSolution
		HideSolutionNode = FALSE
	EndGlobalSection
	GlobalSection(ExtensibilityGlobals) = postSolution
		SolutionGuid = {DE69F0E9-4EF9-4FF6-AADC-DB1661A42246}
	EndGlobalSection
EndGlobal
